<?xml version="1.0" encoding="utf-8"?>
<Project ToolsVersion="4.0" xmlns="http://schemas.microsoft.com/developer/msbuild/2003">
  <ItemGroup>
    <Filter Include="Source Files">
      <UniqueIdentifier>{4FC737F1-C7A5-4376-A066-2A32D752A2FF}</UniqueIdentifier>
      <Extensions>cpp;c;cc;cxx;def;odl;idl;hpj;bat;asm;asmx</Extensions>
    </Filter>
    <Filter Include="Header Files">
      <UniqueIdentifier>{93995380-89BD-4b04-88EB-625FBE52EBFB}</UniqueIdentifier>
      <Extensions>h;hh;hpp;hxx;hm;inl;inc;ipp;xsd</Extensions>
    </Filter>
    <Filter Include="Resource Files">
      <UniqueIdentifier>{67DA6AB6-F800-4c08-8B7A-83BB121AAD01}</UniqueIdentifier>
      <Extensions>rc;ico;cur;bmp;dlg;rc2;rct;bin;rgs;gif;jpg;jpeg;jpe;resx;tiff;tif;png;wav;mfcribbon-ms</Extensions>
    </Filter>
  </ItemGroup>
  <ItemGroup>
    <ClInclude Include="..\G33_AA2-2\Ball.h">
      <Filter>Header Files</Filter>
    </ClInclude>
    <ClInclude Include="..\G33_AA2-2\Block.h">
      <Filter>Header Files</Filter>
    </ClInclude>
    <ClInclude Include="..\G33_AA2-2\Button.h">
      <Filter>Header Files</Filter>
    </ClInclude>
    <ClInclude Include="..\G33_AA2-2\Collisions.h">
      <Filter>Header Files</Filter>
    </ClInclude>
    <ClInclude Include="..\G33_AA2-2\Constants.h">
      <Filter>Header Files</Filter>
    </ClInclude>
    <ClInclude Include="..\G33_AA2-2\Controller.h">
      <Filter>Header Files</Filter>
    </ClInclude>
    <ClInclude Include="..\G33_AA2-2\DinText.h">
      <Filter>Header Files</Filter>
    </ClInclude>
    <ClInclude Include="..\G33_AA2-2\FixBlock.h">
      <Filter>Header Files</Filter>
    </ClInclude>
    <ClInclude Include="..\G33_AA2-2\Game.h">
      <Filter>Header Files</Filter>
    </ClInclude>
    <ClInclude Include="..\G33_AA2-2\GameManager.h">
      <Filter>Header Files</Filter>
    </ClInclude>
    <ClInclude Include="..\G33_AA2-2\HeavyBlock.h">
      <Filter>Header Files</Filter>
    </ClInclude>
    <ClInclude Include="..\G33_AA2-2\HeavyBrick.h">
      <Filter>Header Files</Filter>
    </ClInclude>
    <ClInclude Include="..\G33_AA2-2\HUD.h">
      <Filter>Header Files</Filter>
    </ClInclude>
    <ClInclude Include="..\G33_AA2-2\Menu.h">
      <Filter>Header Files</Filter>
    </ClInclude>
    <ClInclude Include="..\G33_AA2-2\NoneBlock.h">
      <Filter>Header Files</Filter>
    </ClInclude>
    <ClInclude Include="..\G33_AA2-2\NormalBlock.h">
      <Filter>Header Files</Filter>
    </ClInclude>
    <ClInclude Include="..\G33_AA2-2\Player.h">
      <Filter>Header Files</Filter>
    </ClInclude>
    <ClInclude Include="..\G33_AA2-2\Ranking.h">
      <Filter>Header Files</Filter>
    </ClInclude>
    <ClInclude Include="..\G33_AA2-2\Renderer.h">
      <Filter>Header Files</Filter>
    </ClInclude>
    <ClInclude Include="..\G33_AA2-2\Scene.h">
      <Filter>Header Files</Filter>
    </ClInclude>
    <ClInclude Include="..\G33_AA2-2\SplashScreen.h">
      <Filter>Header Files</Filter>
    </ClInclude>
    <ClInclude Include="..\G33_AA2-2\Types.h">
      <Filter>Header Files</Filter>
    </ClInclude>
    <ClInclude Include="..\G33_AA2-2\Utilities.h">
      <Filter>Header Files</Filter>
    </ClInclude>
    <ClInclude Include="..\G33_AA2-2\Vec2.h">
      <Filter>Header Files</Filter>
    </ClInclude>
  </ItemGroup>
  <ItemGroup>
    <ClCompile Include="..\G33_AA2-2\Ball.cpp">
      <Filter>Source Files</Filter>
    </ClCompile>
    <ClCompile Include="..\G33_AA2-2\Block.cpp">
      <Filter>Source Files</Filter>
    </ClCompile>
    <ClCompile Include="..\G33_AA2-2\Button.cpp">
      <Filter>Source Files</Filter>
    </ClCompile>
    <ClCompile Include="..\G33_AA2-2\Collisions.cpp">
      <Filter>Source Files</Filter>
    </ClCompile>
    <ClCompile Include="..\G33_AA2-2\Controller.cpp">
      <Filter>Source Files</Filter>
    </ClCompile>
    <ClCompile Include="..\G33_AA2-2\DinText.cpp">
      <Filter>Source Files</Filter>
    </ClCompile>
    <ClCompile Include="..\G33_AA2-2\FixBlock.cpp">
      <Filter>Source Files</Filter>
    </ClCompile>
    <ClCompile Include="..\G33_AA2-2\Game.cpp">
      <Filter>Source Files</Filter>
    </ClCompile>
    <ClCompile Include="..\G33_AA2-2\GameManager.cpp">
      <Filter>Source Files</Filter>
    </ClCompile>
    <ClCompile Include="..\G33_AA2-2\HeavyBlock.cpp">
      <Filter>Source Files</Filter>
    </ClCompile>
    <ClCompile Include="..\G33_AA2-2\HUD.cpp">
      <Filter>Source Files</Filter>
    </ClCompile>
    <ClCompile Include="..\G33_AA2-2\main.cpp">
      <Filter>Source Files</Filter>
    </ClCompile>
    <ClCompile Include="..\G33_AA2-2\Menu.cpp">
      <Filter>Source Files</Filter>
    </ClCompile>
    <ClCompile Include="..\G33_AA2-2\NoneBlock.cpp">
      <Filter>Source Files</Filter>
    </ClCompile>
    <ClCompile Include="..\G33_AA2-2\NormalBlock.cpp">
      <Filter>Source Files</Filter>
    </ClCompile>
    <ClCompile Include="..\G33_AA2-2\Player.cpp">
      <Filter>Source Files</Filter>
    </ClCompile>
    <ClCompile Include="..\G33_AA2-2\Ranking.cpp">
      <Filter>Source Files</Filter>
    </ClCompile>
    <ClCompile Include="..\G33_AA2-2\Renderer.cpp">
      <Filter>Source Files</Filter>
    </ClCompile>
    <ClCompile Include="..\G33_AA2-2\Scene.cpp">
      <Filter>Source Files</Filter>
    </ClCompile>
    <ClCompile Include="..\G33_AA2-2\SplashScreen.cpp">
      <Filter>Source Files</Filter>
    </ClCompile>
    <ClCompile Include="..\G33_AA2-2\Vec2.cpp">
      <Filter>Source Files</Filter>
    </ClCompile>
  </ItemGroup>
</Project>